
Microsoft Visual Studio Solution File, Format Version 12.00
# Visual Studio 14
VisualStudioVersion = 14.0.25420.1
MinimumVisualStudioVersion = 10.0.40219.1
Project("{FAE04EC0-301F-11D3-BF4B-00C04F79EFBC}") = "DataProcessSolution.API.Frontend", "DataProcessSolution.API\DataProcessSolution.API.Frontend.csproj", "{BE92C329-A939-49AC-89EC-89030E68D0F1}"
EndProject
Project("{FAE04EC0-301F-11D3-BF4B-00C04F79EFBC}") = "DataProcessSolution.API.Backend", "DataProcessSolution.API.Backend\DataProcessSolution.API.Backend.csproj", "{D1D19CEA-B844-457A-9EF6-930310267BFE}"
EndProject
Project("{FAE04EC0-301F-11D3-BF4B-00C04F79EFBC}") = "DataProcessSolution.Tests", "DataProcessSolution.Tests\DataProcessSolution.Tests.csproj", "{5B565ABA-0C16-48EE-B483-31F2B720D28A}"
EndProject
Project("{FAE04EC0-301F-11D3-BF4B-00C04F79EFBC}") = "DataProcessSolution.FileHandlingService", "DataProcessSolution.FileHandlingService\DataProcessSolution.FileHandlingService.csproj", "{D4ECF6DA-3F16-4192-A37A-FCC1912E38D2}"
EndProject
Project("{FAE04EC0-301F-11D3-BF4B-00C04F79EFBC}") = "DataProcessSolution.WorkerRole", "DataProcessSolution.WorkerRole\DataProcessSolution.WorkerRole.csproj", "{EFD9C8F4-5054-4EAB-BF36-6538F92C6624}"
EndProject
Project("{00D1A9C2-B5F0-4AF3-8072-F6C62B433612}") = "DataProcessSolution.JobStatusDatabase", "DataProcessSolution.JobStatusDatabase\DataProcessSolution.JobStatusDatabase.sqlproj", "{402CBF93-C92D-40A0-B0FF-2CEFABAF38D3}"
EndProject
Project("{FAE04EC0-301F-11D3-BF4B-00C04F79EFBC}") = "DataProcessSolution.DAL", "DataProcessSolution.DAL\DataProcessSolution.DAL.csproj", "{1026C82D-C3B9-45DC-B535-84BF6BA49EDF}"
EndProject
Global
	GlobalSection(SolutionConfigurationPlatforms) = preSolution
		Debug|Any CPU = Debug|Any CPU
		Release|Any CPU = Release|Any CPU
	EndGlobalSection
	GlobalSection(ProjectConfigurationPlatforms) = postSolution
		{BE92C329-A939-49AC-89EC-89030E68D0F1}.Debug|Any CPU.ActiveCfg = Debug|Any CPU
		{BE92C329-A939-49AC-89EC-89030E68D0F1}.Debug|Any CPU.Build.0 = Debug|Any CPU
		{BE92C329-A939-49AC-89EC-89030E68D0F1}.Release|Any CPU.ActiveCfg = Release|Any CPU
		{BE92C329-A939-49AC-89EC-89030E68D0F1}.Release|Any CPU.Build.0 = Release|Any CPU
		{D1D19CEA-B844-457A-9EF6-930310267BFE}.Debug|Any CPU.ActiveCfg = Debug|Any CPU
		{D1D19CEA-B844-457A-9EF6-930310267BFE}.Debug|Any CPU.Build.0 = Debug|Any CPU
		{D1D19CEA-B844-457A-9EF6-930310267BFE}.Release|Any CPU.ActiveCfg = Release|Any CPU
		{D1D19CEA-B844-457A-9EF6-930310267BFE}.Release|Any CPU.Build.0 = Release|Any CPU
		{5B565ABA-0C16-48EE-B483-31F2B720D28A}.Debug|Any CPU.ActiveCfg = Debug|Any CPU
		{5B565ABA-0C16-48EE-B483-31F2B720D28A}.Debug|Any CPU.Build.0 = Debug|Any CPU
		{5B565ABA-0C16-48EE-B483-31F2B720D28A}.Release|Any CPU.ActiveCfg = Release|Any CPU
		{5B565ABA-0C16-48EE-B483-31F2B720D28A}.Release|Any CPU.Build.0 = Release|Any CPU
		{D4ECF6DA-3F16-4192-A37A-FCC1912E38D2}.Debug|Any CPU.ActiveCfg = Debug|Any CPU
		{D4ECF6DA-3F16-4192-A37A-FCC1912E38D2}.Debug|Any CPU.Build.0 = Debug|Any CPU
		{D4ECF6DA-3F16-4192-A37A-FCC1912E38D2}.Release|Any CPU.ActiveCfg = Release|Any CPU
		{D4ECF6DA-3F16-4192-A37A-FCC1912E38D2}.Release|Any CPU.Build.0 = Release|Any CPU
		{EFD9C8F4-5054-4EAB-BF36-6538F92C6624}.Debug|Any CPU.ActiveCfg = Debug|Any CPU
		{EFD9C8F4-5054-4EAB-BF36-6538F92C6624}.Debug|Any CPU.Build.0 = Debug|Any CPU
		{EFD9C8F4-5054-4EAB-BF36-6538F92C6624}.Release|Any CPU.ActiveCfg = Release|Any CPU
		{EFD9C8F4-5054-4EAB-BF36-6538F92C6624}.Release|Any CPU.Build.0 = Release|Any CPU
		{402CBF93-C92D-40A0-B0FF-2CEFABAF38D3}.Debug|Any CPU.ActiveCfg = Debug|Any CPU
		{402CBF93-C92D-40A0-B0FF-2CEFABAF38D3}.Debug|Any CPU.Build.0 = Debug|Any CPU
		{402CBF93-C92D-40A0-B0FF-2CEFABAF38D3}.Debug|Any CPU.Deploy.0 = Debug|Any CPU
		{402CBF93-C92D-40A0-B0FF-2CEFABAF38D3}.Release|Any CPU.ActiveCfg = Release|Any CPU
		{402CBF93-C92D-40A0-B0FF-2CEFABAF38D3}.Release|Any CPU.Build.0 = Release|Any CPU
		{402CBF93-C92D-40A0-B0FF-2CEFABAF38D3}.Release|Any CPU.Deploy.0 = Release|Any CPU
		{1026C82D-C3B9-45DC-B535-84BF6BA49EDF}.Debug|Any CPU.ActiveCfg = Debug|Any CPU
		{1026C82D-C3B9-45DC-B535-84BF6BA49EDF}.Debug|Any CPU.Build.0 = Debug|Any CPU
		{1026C82D-C3B9-45DC-B535-84BF6BA49EDF}.Release|Any CPU.ActiveCfg = Release|Any CPU
		{1026C82D-C3B9-45DC-B535-84BF6BA49EDF}.Release|Any CPU.Build.0 = Release|Any CPU
	EndGlobalSection
	GlobalSection(SolutionProperties) = preSolution
		HideSolutionNode = FALSE
	EndGlobalSection
EndGlobal
